
Microsoft Visual Studio Solution File, Format Version 12.00
# Visual Studio Version 16
VisualStudioVersion = 16.0.30717.126
MinimumVisualStudioVersion = 10.0.40219.1
Project("{E24C65DC-7377-472B-9ABA-BC803B73C61A}") = "SOAPServicesWCF", "SOAPServicesWCF\", "{884140E0-1289-4276-802B-6C7F85C49B75}"
	ProjectSection(WebsiteProperties) = preProject
		TargetFrameworkMoniker = ".NETFramework,Version%3Dv4.7.2"
		ProjectReferences = "{898d5f3b-b734-454b-9fd9-ecf8d8cb9870}|WcfServiceLib.dll;"
		Debug.AspNetCompiler.VirtualPath = "/localhost_62822"
		Debug.AspNetCompiler.PhysicalPath = "SOAPServicesWCF\"
		Debug.AspNetCompiler.TargetPath = "PrecompiledWeb\localhost_62822\"
		Debug.AspNetCompiler.Updateable = "true"
		Debug.AspNetCompiler.ForceOverwrite = "true"
		Debug.AspNetCompiler.FixedNames = "false"
		Debug.AspNetCompiler.Debug = "True"
		Release.AspNetCompiler.VirtualPath = "/localhost_62822"
		Release.AspNetCompiler.PhysicalPath = "SOAPServicesWCF\"
		Release.AspNetCompiler.TargetPath = "PrecompiledWeb\localhost_62822\"
		Release.AspNetCompiler.Updateable = "true"
		Release.AspNetCompiler.ForceOverwrite = "true"
		Release.AspNetCompiler.FixedNames = "false"
		Release.AspNetCompiler.Debug = "False"
		VWDPort = "62822"
		SlnRelativePath = "SOAPServicesWCF\"
		DefaultWebSiteLanguage = "Visual C#"
	EndProjectSection
EndProject
Project("{FAE04EC0-301F-11D3-BF4B-00C04F79EFBC}") = "ClassLib", "..\ClassLib\ClassLib\ClassLib.csproj", "{898D5F3B-B734-454B-9FD9-ECF8D8CB9870}"
EndProject
Global
	GlobalSection(SolutionConfigurationPlatforms) = preSolution
		Debug|Any CPU = Debug|Any CPU
		Release|Any CPU = Release|Any CPU
	EndGlobalSection
	GlobalSection(ProjectConfigurationPlatforms) = postSolution
		{884140E0-1289-4276-802B-6C7F85C49B75}.Debug|Any CPU.ActiveCfg = Debug|Any CPU
		{884140E0-1289-4276-802B-6C7F85C49B75}.Debug|Any CPU.Build.0 = Debug|Any CPU
		{884140E0-1289-4276-802B-6C7F85C49B75}.Release|Any CPU.ActiveCfg = Debug|Any CPU
		{884140E0-1289-4276-802B-6C7F85C49B75}.Release|Any CPU.Build.0 = Debug|Any CPU
		{898D5F3B-B734-454B-9FD9-ECF8D8CB9870}.Debug|Any CPU.ActiveCfg = Debug|Any CPU
		{898D5F3B-B734-454B-9FD9-ECF8D8CB9870}.Debug|Any CPU.Build.0 = Debug|Any CPU
		{898D5F3B-B734-454B-9FD9-ECF8D8CB9870}.Release|Any CPU.ActiveCfg = Release|Any CPU
		{898D5F3B-B734-454B-9FD9-ECF8D8CB9870}.Release|Any CPU.Build.0 = Release|Any CPU
	EndGlobalSection
	GlobalSection(SolutionProperties) = preSolution
		HideSolutionNode = FALSE
	EndGlobalSection
	GlobalSection(ExtensibilityGlobals) = postSolution
		SolutionGuid = {14A905C5-F84B-4911-AC09-6AFCDA94AF6C}
	EndGlobalSection
EndGlobal
