
Microsoft Visual Studio Solution File, Format Version 12.00
# Visual Studio Version 16
VisualStudioVersion = 16.0.30717.126
MinimumVisualStudioVersion = 10.0.40219.1
Project("{E24C65DC-7377-472B-9ABA-BC803B73C61A}") = "SOAPServicesWCF", "SOAPServicesWCF\", "{884140E0-1289-4276-802B-6C7F85C49B75}"
	ProjectSection(WebsiteProperties) = preProject
		TargetFrameworkMoniker = ".NETFramework,Version%3Dv4.7.2"
		Debug.AspNetCompiler.VirtualPath = "/localhost_62822"
		Debug.AspNetCompiler.PhysicalPath = "SOAPServicesWCF\"
		Debug.AspNetCompiler.TargetPath = "PrecompiledWeb\localhost_62822\"
		Debug.AspNetCompiler.Updateable = "true"
		Debug.AspNetCompiler.ForceOverwrite = "true"
		Debug.AspNetCompiler.FixedNames = "false"
		Debug.AspNetCompiler.Debug = "True"
		Release.AspNetCompiler.VirtualPath = "/localhost_62822"
		Release.AspNetCompiler.PhysicalPath = "SOAPServicesWCF\"
		Release.AspNetCompiler.TargetPath = "PrecompiledWeb\localhost_62822\"
		Release.AspNetCompiler.Updateable = "true"
		Release.AspNetCompiler.ForceOverwrite = "true"
		Release.AspNetCompiler.FixedNames = "false"
		Release.AspNetCompiler.Debug = "False"
		VWDPort = "62822"
		SlnRelativePath = "SOAPServicesWCF\"
		DefaultWebSiteLanguage = "Visual C#"
	EndProjectSection
EndProject
Global
	GlobalSection(SolutionConfigurationPlatforms) = preSolution
		Debug|Any CPU = Debug|Any CPU
	EndGlobalSection
	GlobalSection(ProjectConfigurationPlatforms) = postSolution
		{884140E0-1289-4276-802B-6C7F85C49B75}.Debug|Any CPU.ActiveCfg = Debug|Any CPU
		{884140E0-1289-4276-802B-6C7F85C49B75}.Debug|Any CPU.Build.0 = Debug|Any CPU
	EndGlobalSection
	GlobalSection(SolutionProperties) = preSolution
		HideSolutionNode = FALSE
	EndGlobalSection
	GlobalSection(ExtensibilityGlobals) = postSolution
		SolutionGuid = {14A905C5-F84B-4911-AC09-6AFCDA94AF6C}
	EndGlobalSection
EndGlobal
